// !$*UTF8*$!
{
	archiveVersion = 1;
	classes = {
	};
	objectVersion = 46;
	objects = {

/* Begin PBXBuildFile section */
		3C47C8CB1C0FD096007BC85D /* main.cpp in Sources */ = {isa = PBXBuildFile; fileRef = 3C47C8CA1C0FD096007BC85D /* main.cpp */; };
		3C47C8DA1C0FD346007BC85D /* MOAB.cpp in Sources */ = {isa = PBXBuildFile; fileRef = 3C47C8D81C0FD346007BC85D /* MOAB.cpp */; };
		3C47C8DD1C0FD4FD007BC85D /* aaa.cpp in Sources */ = {isa = PBXBuildFile; fileRef = 3C47C8DB1C0FD4FD007BC85D /* aaa.cpp */; };
/* End PBXBuildFile section */

/* Begin PBXCopyFilesBuildPhase section */
		3C47C8C51C0FD096007BC85D /* CopyFiles */ = {
			isa = PBXCopyFilesBuildPhase;
			buildActionMask = 2147483647;
			dstPath = /usr/share/man/man1/;
			dstSubfolderSpec = 0;
			files = (
			);
			runOnlyForDeploymentPostprocessing = 1;
		};
/* End PBXCopyFilesBuildPhase section */

/* Begin PBXFileReference section */
		3C47C8C71C0FD096007BC85D /* git_hub_test */ = {isa = PBXFileReference; explicitFileType = "compiled.mach-o.executable"; includeInIndex = 0; path = git_hub_test; sourceTree = BUILT_PRODUCTS_DIR; };
		3C47C8CA1C0FD096007BC85D /* main.cpp */ = {isa = PBXFileReference; lastKnownFileType = sourcecode.cpp.cpp; path = main.cpp; sourceTree = "<group>"; };
		3C47C8D81C0FD346007BC85D /* MOAB.cpp */ = {isa = PBXFileReference; fileEncoding = 4; lastKnownFileType = sourcecode.cpp.cpp; path = MOAB.cpp; sourceTree = "<group>"; };
		3C47C8D91C0FD346007BC85D /* MOAB.hpp */ = {isa = PBXFileReference; fileEncoding = 4; lastKnownFileType = sourcecode.cpp.h; path = MOAB.hpp; sourceTree = "<group>"; };
		3C47C8DB1C0FD4FD007BC85D /* aaa.cpp */ = {isa = PBXFileReference; fileEncoding = 4; lastKnownFileType = sourcecode.cpp.cpp; path = aaa.cpp; sourceTree = "<group>"; };
		3C47C8DC1C0FD4FD007BC85D /* aaa.hpp */ = {isa = PBXFileReference; fileEncoding = 4; lastKnownFileType = sourcecode.cpp.h; path = aaa.hpp; sourceTree = "<group>"; };
/* End PBXFileReference section */

/* Begin PBXFrameworksBuildPhase section */
		3C47C8C41C0FD096007BC85D /* Frameworks */ = {
			isa = PBXFrameworksBuildPhase;
			buildActionMask = 2147483647;
			files = (
			);
			runOnlyForDeploymentPostprocessing = 0;
		};
/* End PBXFrameworksBuildPhase section */

/* Begin PBXGroup section */
		3C47C8BE1C0FD096007BC85D = {
			isa = PBXGroup;
			children = (
				3C47C8C91C0FD096007BC85D /* git_hub_test */,
				3C47C8C81C0FD096007BC85D /* Products */,
			);
			sourceTree = "<group>";
		};
		3C47C8C81C0FD096007BC85D /* Products */ = {
			isa = PBXGroup;
			children = (
				3C47C8C71C0FD096007BC85D /* git_hub_test */,
			);
			name = Products;
			sourceTree = "<group>";
		};
		3C47C8C91C0FD096007BC85D /* git_hub_test */ = {
			isa = PBXGroup;
			children = (
				3C47C8DB1C0FD4FD007BC85D /* aaa.cpp */,
				3C47C8DC1C0FD4FD007BC85D /* aaa.hpp */,
				3C47C8D71C0FD31E007BC85D /* VirtualClass */,
				3C47C8CA1C0FD096007BC85D /* main.cpp */,
			);
			path = git_hub_test;
			sourceTree = "<group>";
		};
		3C47C8D71C0FD31E007BC85D /* VirtualClass */ = {
			isa = PBXGroup;
			children = (
				3C47C8D81C0FD346007BC85D /* MOAB.cpp */,
				3C47C8D91C0FD346007BC85D /* MOAB.hpp */,
			);
			name = VirtualClass;
			sourceTree = "<group>";
		};
/* End PBXGroup section */

/* Begin PBXNativeTarget section */
		3C47C8C61C0FD096007BC85D /* git_hub_test */ = {
			isa = PBXNativeTarget;
			buildConfigurationList = 3C47C8CE1C0FD096007BC85D /* Build configuration list for PBXNativeTarget "git_hub_test" */;
			buildPhases = (
				3C47C8C31C0FD096007BC85D /* Sources */,
				3C47C8C41C0FD096007BC85D /* Frameworks */,
				3C47C8C51C0FD096007BC85D /* CopyFiles */,
			);
			buildRules = (
			);
			dependencies = (
			);
			name = git_hub_test;
			productName = git_hub_test;
			productReference = 3C47C8C71C0FD096007BC85D /* git_hub_test */;
			productType = "com.apple.product-type.tool";
		};
/* End PBXNativeTarget section */

/* Begin PBXProject section */
		3C47C8BF1C0FD096007BC85D /* Project object */ = {
			isa = PBXProject;
			attributes = {
				LastUpgradeCheck = 0710;
				ORGANIZATIONNAME = test;
				TargetAttributes = {
					3C47C8C61C0FD096007BC85D = {
						CreatedOnToolsVersion = 7.1.1;
					};
				};
			};
			buildConfigurationList = 3C47C8C21C0FD096007BC85D /* Build configuration list for PBXProject "git_hub_test" */;
			compatibilityVersion = "Xcode 3.2";
			developmentRegion = English;
			hasScannedForEncodings = 0;
			knownRegions = (
				en,
			);
			mainGroup = 3C47C8BE1C0FD096007BC85D;
			productRefGroup = 3C47C8C81C0FD096007BC85D /* Products */;
			projectDirPath = "";
			projectRoot = "";
			targets = (
				3C47C8C61C0FD096007BC85D /* git_hub_test */,
			);
		};
/* End PBXProject section */

/* Begin PBXSourcesBuildPhase section */
		3C47C8C31C0FD096007BC85D /* Sources */ = {
			isa = PBXSourcesBuildPhase;
			buildActionMask = 2147483647;
			files = (
				3C47C8DD1C0FD4FD007BC85D /* aaa.cpp in Sources */,
				3C47C8DA1C0FD346007BC85D /* MOAB.cpp in Sources */,
				3C47C8CB1C0FD096007BC85D /* main.cpp in Sources */,
			);
			runOnlyForDeploymentPostprocessing = 0;
		};
/* End PBXSourcesBuildPhase section */

/* Begin XCBuildConfiguration section */
		3C47C8CC1C0FD096007BC85D /* Debug */ = {
			isa = XCBuildConfiguration;
			buildSettings = {
				ALWAYS_SEARCH_USER_PATHS = NO;
				CLANG_CXX_LANGUAGE_STANDARD = "gnu++0x";
				CLANG_CXX_LIBRARY = "libc++";
				CLANG_ENABLE_MODULES = YES;
				CLANG_ENABLE_OBJC_ARC = YES;
				CLANG_WARN_BOOL_CONVERSION = YES;
				CLANG_WARN_CONSTANT_CONVERSION = YES;
				CLANG_WARN_DIRECT_OBJC_ISA_USAGE = YES_ERROR;
				CLANG_WARN_EMPTY_BODY = YES;
				CLANG_WARN_ENUM_CONVERSION = YES;
				CLANG_WARN_INT_CONVERSION = YES;
				CLANG_WARN_OBJC_ROOT_CLASS = YES_ERROR;
				CLANG_WARN_UNREACHABLE_CODE = YES;
				CLANG_WARN__DUPLICATE_METHOD_MATCH = YES;
				CODE_SIGN_IDENTITY = "-";
				COPY_PHASE_STRIP = NO;
				DEBUG_INFORMATION_FORMAT = dwarf;
				ENABLE_STRICT_OBJC_MSGSEND = YES;
				ENABLE_TESTABILITY = YES;
				GCC_C_LANGUAGE_STANDARD = gnu99;
				GCC_DYNAMIC_NO_PIC = NO;
				GCC_NO_COMMON_BLOCKS = YES;
				GCC_OPTIMIZATION_LEVEL = 0;
				GCC_PREPROCESSOR_DEFINITIONS = (
					"DEBUG=1",
					"$(inherited)",
				);
				GCC_WARN_64_TO_32_BIT_CONVERSION = YES;
				GCC_WARN_ABOUT_RETURN_TYPE = YES_ERROR;
				GCC_WARN_UNDECLARED_SELECTOR = YES;
				GCC_WARN_UNINITIALIZED_AUTOS = YES_AGGRESSIVE;
				GCC_WARN_UNUSED_FUNCTION = YES;
				GCC_WARN_UNUSED_VARIABLE = YES;
				MACOSX_DEPLOYMENT_TARGET = 10.11;
				MTL_ENABLE_DEBUG_INFO = YES;
				ONLY_ACTIVE_ARCH = YES;
				SDKROOT = macosx;
			};
			name = Debug;
		};
		3C47C8CD1C0FD096007BC85D /* Release */ = {
			isa = XCBuildConfiguration;
			buildSettings = {
				ALWAYS_SEARCH_USER_PATHS = NO;
				CLANG_CXX_LANGUAGE_STANDARD = "gnu++0x";
				CLANG_CXX_LIBRARY = "libc++";
				CLANG_ENABLE_MODULES = YES;
				CLANG_ENABLE_OBJC_ARC = YES;
				CLANG_WARN_BOOL_CONVERSION = YES;
				CLANG_WARN_CONSTANT_CONVERSION = YES;
				CLANG_WARN_DIRECT_OBJC_ISA_USAGE = YES_ERROR;
				CLANG_WARN_EMPTY_BODY = YES;
				CLANG_WARN_ENUM_CONVERSION = YES;
				CLANG_WARN_INT_CONVERSION = YES;
				CLANG_WARN_OBJC_ROOT_CLASS = YES_ERROR;
				CLANG_WARN_UNREACHABLE_CODE = YES;
				CLANG_WARN__DUPLICATE_METHOD_MATCH = YES;
				CODE_SIGN_IDENTITY = "-";
				COPY_PHASE_STRIP = NO;
				DEBUG_INFORMATION_FORMAT = "dwarf-with-dsym";
				ENABLE_NS_ASSERTIONS = NO;
				ENABLE_STRICT_OBJC_MSGSEND = YES;
				GCC_C_LANGUAGE_STANDARD = gnu99;
				GCC_NO_COMMON_BLOCKS = YES;
				GCC_WARN_64_TO_32_BIT_CONVERSION = YES;
				GCC_WARN_ABOUT_RETURN_TYPE = YES_ERROR;
				GCC_WARN_UNDECLARED_SELECTOR = YES;
				GCC_WARN_UNINITIALIZED_AUTOS = YES_AGGRESSIVE;
				GCC_WARN_UNUSED_FUNCTION = YES;
				GCC_WARN_UNUSED_VARIABLE = YES;
				MACOSX_DEPLOYMENT_TARGET = 10.11;
				MTL_ENABLE_DEBUG_INFO = NO;
				SDKROOT = macosx;
			};
			name = Release;
		};
		3C47C8CF1C0FD096007BC85D /* Debug */ = {
			isa = XCBuildConfiguration;
			buildSettings = {
				PRODUCT_NAME = "$(TARGET_NAME)";
			};
			name = Debug;
		};
		3C47C8D01C0FD096007BC85D /* Release */ = {
			isa = XCBuildConfiguration;
			buildSettings = {
				PRODUCT_NAME = "$(TARGET_NAME)";
			};
			name = Release;
		};
/* End XCBuildConfiguration section */

/* Begin XCConfigurationList section */
		3C47C8C21C0FD096007BC85D /* Build configuration list for PBXProject "git_hub_test" */ = {
			isa = XCConfigurationList;
			buildConfigurations = (
				3C47C8CC1C0FD096007BC85D /* Debug */,
				3C47C8CD1C0FD096007BC85D /* Release */,
			);
			defaultConfigurationIsVisible = 0;
			defaultConfigurationName = Release;
		};
		3C47C8CE1C0FD096007BC85D /* Build configuration list for PBXNativeTarget "git_hub_test" */ = {
			isa = XCConfigurationList;
			buildConfigurations = (
				3C47C8CF1C0FD096007BC85D /* Debug */,
				3C47C8D01C0FD096007BC85D /* Release */,
			);
			defaultConfigurationIsVisible = 0;
			defaultConfigurationName = Release;
		};
/* End XCConfigurationList section */
	};
	rootObject = 3C47C8BF1C0FD096007BC85D /* Project object */;
}
